
Microsoft Visual Studio Solution File, Format Version 12.00
# Visual Studio Version 17
VisualStudioVersion = 17.7.34031.279
MinimumVisualStudioVersion = 10.0.40219.1
Project("{9A19103F-16F7-4668-BE54-9A1E7A4F7556}") = "RemoteTempChamber", "RemoteTempChamber.csproj", "{601D6C01-2168-4A5B-A26F-E53EFC6F0643}"
EndProject
Project("{2150E333-8FDC-42A3-9474-1A3956D46DE8}") = "Solution Items", "Solution Items", "{D003296D-C56B-442B-AB2C-11D012F4DFC6}"
	ProjectSection(SolutionItems) = preProject
		Application.cs = Application.cs
	EndProjectSection
EndProject
Global
	GlobalSection(SolutionConfigurationPlatforms) = preSolution
		Debug|Any CPU = Debug|Any CPU
		Release|Any CPU = Release|Any CPU
	EndGlobalSection
	GlobalSection(ProjectConfigurationPlatforms) = postSolution
		{601D6C01-2168-4A5B-A26F-E53EFC6F0643}.Debug|Any CPU.ActiveCfg = Debug|Any CPU
		{601D6C01-2168-4A5B-A26F-E53EFC6F0643}.Debug|Any CPU.Build.0 = Debug|Any CPU
		{601D6C01-2168-4A5B-A26F-E53EFC6F0643}.Release|Any CPU.ActiveCfg = Release|Any CPU
		{601D6C01-2168-4A5B-A26F-E53EFC6F0643}.Release|Any CPU.Build.0 = Release|Any CPU
	EndGlobalSection
	GlobalSection(SolutionProperties) = preSolution
		HideSolutionNode = FALSE
	EndGlobalSection
	GlobalSection(ExtensibilityGlobals) = postSolution
		SolutionGuid = {5FF0FE6D-4328-43A4-A1C6-61DDA63B2D45}
	EndGlobalSection
EndGlobal
